
Microsoft Visual Studio Solution File, Format Version 12.00
# Visual Studio Version 16
VisualStudioVersion = 16.0.31205.134
MinimumVisualStudioVersion = 10.0.40219.1
Project("{FAE04EC0-301F-11D3-BF4B-00C04F79EFBC}") = "ConsoleApp2", "ConsoleApp2\ConsoleApp2.csproj", "{7DDD9543-B286-474B-A3BB-37CF40C78A8C}"
EndProject
Global
	GlobalSection(SolutionConfigurationPlatforms) = preSolution
		Debug|Any CPU = Debug|Any CPU
		Release|Any CPU = Release|Any CPU
	EndGlobalSection
	GlobalSection(ProjectConfigurationPlatforms) = postSolution
		{7DDD9543-B286-474B-A3BB-37CF40C78A8C}.Debug|Any CPU.ActiveCfg = Debug|Any CPU
		{7DDD9543-B286-474B-A3BB-37CF40C78A8C}.Debug|Any CPU.Build.0 = Debug|Any CPU
		{7DDD9543-B286-474B-A3BB-37CF40C78A8C}.Release|Any CPU.ActiveCfg = Release|Any CPU
		{7DDD9543-B286-474B-A3BB-37CF40C78A8C}.Release|Any CPU.Build.0 = Release|Any CPU
	EndGlobalSection
	GlobalSection(SolutionProperties) = preSolution
		HideSolutionNode = FALSE
	EndGlobalSection
	GlobalSection(ExtensibilityGlobals) = postSolution
		SolutionGuid = {24D98DCF-EF6A-4984-8376-14EB7331EE5C}
	EndGlobalSection
EndGlobal
